
Microsoft Visual Studio Solution File, Format Version 12.00
# Visual Studio Version 17
VisualStudioVersion = 17.10.35027.167
MinimumVisualStudioVersion = 10.0.40219.1
Project("{FAE04EC0-301F-11D3-BF4B-00C04F79EFBC}") = "Online Shop", "Online Shop.csproj", "{A74CE792-45F9-47D0-8A20-CCEF2B99C7B4}"
EndProject
Global
	GlobalSection(SolutionConfigurationPlatforms) = preSolution
		Debug|Any CPU = Debug|Any CPU
		Release|Any CPU = Release|Any CPU
	EndGlobalSection
	GlobalSection(ProjectConfigurationPlatforms) = postSolution
		{A74CE792-45F9-47D0-8A20-CCEF2B99C7B4}.Debug|Any CPU.ActiveCfg = Debug|Any CPU
		{A74CE792-45F9-47D0-8A20-CCEF2B99C7B4}.Debug|Any CPU.Build.0 = Debug|Any CPU
		{A74CE792-45F9-47D0-8A20-CCEF2B99C7B4}.Release|Any CPU.ActiveCfg = Release|Any CPU
		{A74CE792-45F9-47D0-8A20-CCEF2B99C7B4}.Release|Any CPU.Build.0 = Release|Any CPU
	EndGlobalSection
	GlobalSection(SolutionProperties) = preSolution
		HideSolutionNode = FALSE
	EndGlobalSection
	GlobalSection(ExtensibilityGlobals) = postSolution
		SolutionGuid = {526C5CDF-306C-4E77-B5AA-B0676DD9D244}
	EndGlobalSection
EndGlobal
